
Microsoft Visual Studio Solution File, Format Version 12.00
# Visual Studio Version 16
VisualStudioVersion = 16.0.30413.136
MinimumVisualStudioVersion = 10.0.40219.1
Project("{FAE04EC0-301F-11D3-BF4B-00C04F79EFBC}") = "SteamWorkshopSubscriber", "SteamWorkshopSubscriber.csproj", "{BF02B3B9-9119-4851-9110-9B68CAB3F5C2}"
EndProject
Global
	GlobalSection(SolutionConfigurationPlatforms) = preSolution
		Debug|Any CPU = Debug|Any CPU
		Release|Any CPU = Release|Any CPU
	EndGlobalSection
	GlobalSection(ProjectConfigurationPlatforms) = postSolution
		{BF02B3B9-9119-4851-9110-9B68CAB3F5C2}.Debug|Any CPU.ActiveCfg = Debug|Any CPU
		{BF02B3B9-9119-4851-9110-9B68CAB3F5C2}.Debug|Any CPU.Build.0 = Debug|Any CPU
		{BF02B3B9-9119-4851-9110-9B68CAB3F5C2}.Release|Any CPU.ActiveCfg = Release|Any CPU
		{BF02B3B9-9119-4851-9110-9B68CAB3F5C2}.Release|Any CPU.Build.0 = Release|Any CPU
	EndGlobalSection
	GlobalSection(SolutionProperties) = preSolution
		HideSolutionNode = FALSE
	EndGlobalSection
	GlobalSection(ExtensibilityGlobals) = postSolution
		SolutionGuid = {8AD2F052-A3BB-46F8-89FA-78F91EECD325}
	EndGlobalSection
EndGlobal
